PODS:
  - Charts (3.6.0):
    - Charts/Core (= 3.6.0)
  - Charts/Core (3.6.0)
  - FloatingPanel (2.5.1)
  - SDWebImage (5.12.1):
    - SDWebImage/Core (= 5.12.1)
  - SDWebImage/Core (5.12.1)

DEPENDENCIES:
  - Charts
  - FloatingPanel
  - SDWebImage

SPEC REPOS:
  trunk:
    - Charts
    - FloatingPanel
    - SDWebImage

SPEC CHECKSUMS:
  Charts: b1e3a1f5a1c9ba5394438ca3b91bd8c9076310af
  FloatingPanel: 523cb50f490f151fc03fabf24a8322e44d22f65f
  SDWebImage: 4dc3e42d9ec0c1028b960a33ac6b637bb432207b

PODFILE CHECKSUM: 140f963bf23212fdf945a8c7f1f96bb8c6065397

COCOAPODS: 1.11.2
