// !$*UTF8*$!
{
	archiveVersion = 1;
	classes = {
	};
	objectVersion = 55;
	objects = {

/* Begin PBXBuildFile section */
		040BF1A527B2F60A00907987 /* FinancialMetricsResponse.swift in Sources */ = {isa = PBXBuildFile; fileRef = 040BF1A427B2F60A00907987 /* FinancialMetricsResponse.swift */; };
		040BF1A727B316C800907987 /* StockDetailHeaderView.swift in Sources */ = {isa = PBXBuildFile; fileRef = 040BF1A627B316C800907987 /* StockDetailHeaderView.swift */; };
		040BF1AA27B32A3A00907987 /* MetricCollectionViewCell.swift in Sources */ = {isa = PBXBuildFile; fileRef = 040BF1A927B32A3A00907987 /* MetricCollectionViewCell.swift */; };
		0452A570278A472200178ED2 /* SearchResponse.swift in Sources */ = {isa = PBXBuildFile; fileRef = 0452A56F278A472200178ED2 /* SearchResponse.swift */; };
		0459E388279FCE4600E4BF9F /* MarketDataResponse.swift in Sources */ = {isa = PBXBuildFile; fileRef = 0459E387279FCE4600E4BF9F /* MarketDataResponse.swift */; };
		0459E38B279FEA4C00E4BF9F /* WatchlistTableViewCell.swift in Sources */ = {isa = PBXBuildFile; fileRef = 0459E38A279FEA4C00E4BF9F /* WatchlistTableViewCell.swift */; };
		0459E38D279FEC7600E4BF9F /* StockChartView.swift in Sources */ = {isa = PBXBuildFile; fileRef = 0459E38C279FEC7600E4BF9F /* StockChartView.swift */; };
		045A88ED2788310500E976A4 /* APICallsManager.swift in Sources */ = {isa = PBXBuildFile; fileRef = 045A88EC2788310500E976A4 /* APICallsManager.swift */; };
		045A88EF2788311E00E976A4 /* PersistenceManager.swift in Sources */ = {isa = PBXBuildFile; fileRef = 045A88EE2788311E00E976A4 /* PersistenceManager.swift */; };
		045A88F12788313300E976A4 /* HapticsManager.swift in Sources */ = {isa = PBXBuildFile; fileRef = 045A88F02788313300E976A4 /* HapticsManager.swift */; };
		047767DE27BDF1620073B8B5 /* StockAppTests.swift in Sources */ = {isa = PBXBuildFile; fileRef = 047767DD27BDF1620073B8B5 /* StockAppTests.swift */; };
		0483B467278E27DC0031A9F2 /* NewsModel.swift in Sources */ = {isa = PBXBuildFile; fileRef = 0483B466278E27DC0031A9F2 /* NewsModel.swift */; };
		0487C4E92788D866003B0464 /* Extensions.swift in Sources */ = {isa = PBXBuildFile; fileRef = 0487C4E82788D866003B0464 /* Extensions.swift */; };
		0487C4EC2788DAD4003B0464 /* SearchResultTableViewCell.swift in Sources */ = {isa = PBXBuildFile; fileRef = 0487C4EB2788DAD4003B0464 /* SearchResultTableViewCell.swift */; };
		04C1AED9278C5F2500D46E74 /* NewsViewController.swift in Sources */ = {isa = PBXBuildFile; fileRef = 04C1AED8278C5F2500D46E74 /* NewsViewController.swift */; };
		04C1AEDB278C68B900D46E74 /* NewsHeaderView.swift in Sources */ = {isa = PBXBuildFile; fileRef = 04C1AEDA278C68B900D46E74 /* NewsHeaderView.swift */; };
		04C5E1CC2786BE0E00782582 /* AppDelegate.swift in Sources */ = {isa = PBXBuildFile; fileRef = 04C5E1CB2786BE0E00782582 /* AppDelegate.swift */; };
		04C5E1CE2786BE0E00782582 /* SceneDelegate.swift in Sources */ = {isa = PBXBuildFile; fileRef = 04C5E1CD2786BE0E00782582 /* SceneDelegate.swift */; };
		04C5E1D02786BE0E00782582 /* WatchListViewController.swift in Sources */ = {isa = PBXBuildFile; fileRef = 04C5E1CF2786BE0E00782582 /* WatchListViewController.swift */; };
		04C5E1D52786BE1100782582 /* Assets.xcassets in Resources */ = {isa = PBXBuildFile; fileRef = 04C5E1D42786BE1100782582 /* Assets.xcassets */; };
		04C5E1D82786BE1100782582 /* LaunchScreen.storyboard in Resources */ = {isa = PBXBuildFile; fileRef = 04C5E1D62786BE1100782582 /* LaunchScreen.storyboard */; };
		04C5E1E42786C26900782582 /* TopStoriesNewsViewController.swift in Sources */ = {isa = PBXBuildFile; fileRef = 04C5E1E32786C26900782582 /* TopStoriesNewsViewController.swift */; };
		04C5E1E72786C28700782582 /* StockDetailsViewController.swift in Sources */ = {isa = PBXBuildFile; fileRef = 04C5E1E62786C28700782582 /* StockDetailsViewController.swift */; };
		04C5E1E92786C2BD00782582 /* SearchResultsViewController.swift in Sources */ = {isa = PBXBuildFile; fileRef = 04C5E1E82786C2BD00782582 /* SearchResultsViewController.swift */; };
		04CCA1EE278EA90800F03D32 /* NewsStoryTableViewCell.swift in Sources */ = {isa = PBXBuildFile; fileRef = 04CCA1ED278EA90800F03D32 /* NewsStoryTableViewCell.swift */; };
		E10E4BA91C1F79B35E77246C /* Pods_StockApp.framework in Frameworks */ = {isa = PBXBuildFile; fileRef = E0AEE05243B22C519B569DB8 /* Pods_StockApp.framework */; };
/* End PBXBuildFile section */

/* Begin PBXContainerItemProxy section */
		047767DF27BDF1620073B8B5 /* PBXContainerItemProxy */ = {
			isa = PBXContainerItemProxy;
			containerPortal = 04C5E1C02786BE0E00782582 /* Project object */;
			proxyType = 1;
			remoteGlobalIDString = 04C5E1C72786BE0E00782582;
			remoteInfo = StockApp;
		};
/* End PBXContainerItemProxy section */

/* Begin PBXFileReference section */
		040BF1A427B2F60A00907987 /* FinancialMetricsResponse.swift */ = {isa = PBXFileReference; lastKnownFileType = sourcecode.swift; path = FinancialMetricsResponse.swift; sourceTree = "<group>"; };
		040BF1A627B316C800907987 /* StockDetailHeaderView.swift */ = {isa = PBXFileReference; lastKnownFileType = sourcecode.swift; path = StockDetailHeaderView.swift; sourceTree = "<group>"; };
		040BF1A927B32A3A00907987 /* MetricCollectionViewCell.swift */ = {isa = PBXFileReference; lastKnownFileType = sourcecode.swift; path = MetricCollectionViewCell.swift; sourceTree = "<group>"; };
		0452A56F278A472200178ED2 /* SearchResponse.swift */ = {isa = PBXFileReference; lastKnownFileType = sourcecode.swift; path = SearchResponse.swift; sourceTree = "<group>"; };
		0459E387279FCE4600E4BF9F /* MarketDataResponse.swift */ = {isa = PBXFileReference; lastKnownFileType = sourcecode.swift; path = MarketDataResponse.swift; sourceTree = "<group>"; };
		0459E38A279FEA4C00E4BF9F /* WatchlistTableViewCell.swift */ = {isa = PBXFileReference; lastKnownFileType = sourcecode.swift; path = WatchlistTableViewCell.swift; sourceTree = "<group>"; };
		0459E38C279FEC7600E4BF9F /* StockChartView.swift */ = {isa = PBXFileReference; lastKnownFileType = sourcecode.swift; path = StockChartView.swift; sourceTree = "<group>"; };
		045A88EC2788310500E976A4 /* APICallsManager.swift */ = {isa = PBXFileReference; lastKnownFileType = sourcecode.swift; path = APICallsManager.swift; sourceTree = "<group>"; };
		045A88EE2788311E00E976A4 /* PersistenceManager.swift */ = {isa = PBXFileReference; lastKnownFileType = sourcecode.swift; path = PersistenceManager.swift; sourceTree = "<group>"; };
		045A88F02788313300E976A4 /* HapticsManager.swift */ = {isa = PBXFileReference; lastKnownFileType = sourcecode.swift; path = HapticsManager.swift; sourceTree = "<group>"; };
		047767DB27BDF1620073B8B5 /* StockAppTests.xctest */ = {isa = PBXFileReference; explicitFileType = wrapper.cfbundle; includeInIndex = 0; path = StockAppTests.xctest; sourceTree = BUILT_PRODUCTS_DIR; };
		047767DD27BDF1620073B8B5 /* StockAppTests.swift */ = {isa = PBXFileReference; lastKnownFileType = sourcecode.swift; path = StockAppTests.swift; sourceTree = "<group>"; };
		0483B466278E27DC0031A9F2 /* NewsModel.swift */ = {isa = PBXFileReference; lastKnownFileType = sourcecode.swift; path = NewsModel.swift; sourceTree = "<group>"; };
		0487C4E82788D866003B0464 /* Extensions.swift */ = {isa = PBXFileReference; lastKnownFileType = sourcecode.swift; path = Extensions.swift; sourceTree = "<group>"; };
		0487C4EB2788DAD4003B0464 /* SearchResultTableViewCell.swift */ = {isa = PBXFileReference; lastKnownFileType = sourcecode.swift; path = SearchResultTableViewCell.swift; sourceTree = "<group>"; };
		04C1AED8278C5F2500D46E74 /* NewsViewController.swift */ = {isa = PBXFileReference; lastKnownFileType = sourcecode.swift; path = NewsViewController.swift; sourceTree = "<group>"; };
		04C1AEDA278C68B900D46E74 /* NewsHeaderView.swift */ = {isa = PBXFileReference; lastKnownFileType = sourcecode.swift; path = NewsHeaderView.swift; sourceTree = "<group>"; };
		04C5E1C82786BE0E00782582 /* StockApp.app */ = {isa = PBXFileReference; explicitFileType = wrapper.application; includeInIndex = 0; path = StockApp.app; sourceTree = BUILT_PRODUCTS_DIR; };
		04C5E1CB2786BE0E00782582 /* AppDelegate.swift */ = {isa = PBXFileReference; lastKnownFileType = sourcecode.swift; path = AppDelegate.swift; sourceTree = "<group>"; };
		04C5E1CD2786BE0E00782582 /* SceneDelegate.swift */ = {isa = PBXFileReference; lastKnownFileType = sourcecode.swift; path = SceneDelegate.swift; sourceTree = "<group>"; };
		04C5E1CF2786BE0E00782582 /* WatchListViewController.swift */ = {isa = PBXFileReference; lastKnownFileType = sourcecode.swift; path = WatchListViewController.swift; sourceTree = "<group>"; };
		04C5E1D42786BE1100782582 /* Assets.xcassets */ = {isa = PBXFileReference; lastKnownFileType = folder.assetcatalog; path = Assets.xcassets; sourceTree = "<group>"; };
		04C5E1D72786BE1100782582 /* Base */ = {isa = PBXFileReference; lastKnownFileType = file.storyboard; name = Base; path = Base.lproj/LaunchScreen.storyboard; sourceTree = "<group>"; };
		04C5E1D92786BE1100782582 /* Info.plist */ = {isa = PBXFileReference; lastKnownFileType = text.plist.xml; path = Info.plist; sourceTree = "<group>"; };
		04C5E1E32786C26900782582 /* TopStoriesNewsViewController.swift */ = {isa = PBXFileReference; lastKnownFileType = sourcecode.swift; path = TopStoriesNewsViewController.swift; sourceTree = "<group>"; };
		04C5E1E62786C28700782582 /* StockDetailsViewController.swift */ = {isa = PBXFileReference; lastKnownFileType = sourcecode.swift; path = StockDetailsViewController.swift; sourceTree = "<group>"; };
		04C5E1E82786C2BD00782582 /* SearchResultsViewController.swift */ = {isa = PBXFileReference; lastKnownFileType = sourcecode.swift; path = SearchResultsViewController.swift; sourceTree = "<group>"; };
		04CCA1ED278EA90800F03D32 /* NewsStoryTableViewCell.swift */ = {isa = PBXFileReference; lastKnownFileType = sourcecode.swift; path = NewsStoryTableViewCell.swift; sourceTree = "<group>"; };
		2C5318BE433E3A4F893A0CCE /* Pods-StockApp.release.xcconfig */ = {isa = PBXFileReference; includeInIndex = 1; lastKnownFileType = text.xcconfig; name = "Pods-StockApp.release.xcconfig"; path = "Target Support Files/Pods-StockApp/Pods-StockApp.release.xcconfig"; sourceTree = "<group>"; };
		AC65B16C46033D3A5FC9A639 /* Pods-StockApp.debug.xcconfig */ = {isa = PBXFileReference; includeInIndex = 1; lastKnownFileType = text.xcconfig; name = "Pods-StockApp.debug.xcconfig"; path = "Target Support Files/Pods-StockApp/Pods-StockApp.debug.xcconfig"; sourceTree = "<group>"; };
		E0AEE05243B22C519B569DB8 /* Pods_StockApp.framework */ = {isa = PBXFileReference; explicitFileType = wrapper.framework; includeInIndex = 0; path = Pods_StockApp.framework; sourceTree = BUILT_PRODUCTS_DIR; };
/* End PBXFileReference section */

/* Begin PBXFrameworksBuildPhase section */
		047767D827BDF1620073B8B5 /* Frameworks */ = {
			isa = PBXFrameworksBuildPhase;
			buildActionMask = 2147483647;
			files = (
			);
			runOnlyForDeploymentPostprocessing = 0;
		};
		04C5E1C52786BE0E00782582 /* Frameworks */ = {
			isa = PBXFrameworksBuildPhase;
			buildActionMask = 2147483647;
			files = (
				E10E4BA91C1F79B35E77246C /* Pods_StockApp.framework in Frameworks */,
			);
			runOnlyForDeploymentPostprocessing = 0;
		};
/* End PBXFrameworksBuildPhase section */

/* Begin PBXGroup section */
		040BF1A827B32A0C00907987 /* StockDetail */ = {
			isa = PBXGroup;
			children = (
				0459E38C279FEC7600E4BF9F /* StockChartView.swift */,
				040BF1A627B316C800907987 /* StockDetailHeaderView.swift */,
				040BF1A927B32A3A00907987 /* MetricCollectionViewCell.swift */,
			);
			path = StockDetail;
			sourceTree = "<group>";
		};
		0459E389279FEA2700E4BF9F /* Watchlist */ = {
			isa = PBXGroup;
			children = (
				0459E38A279FEA4C00E4BF9F /* WatchlistTableViewCell.swift */,
			);
			path = Watchlist;
			sourceTree = "<group>";
		};
		045A88EB278830B300E976A4 /* Manager */ = {
			isa = PBXGroup;
			children = (
				045A88EC2788310500E976A4 /* APICallsManager.swift */,
				045A88EE2788311E00E976A4 /* PersistenceManager.swift */,
				045A88F02788313300E976A4 /* HapticsManager.swift */,
			);
			path = Manager;
			sourceTree = "<group>";
		};
		047767DC27BDF1620073B8B5 /* StockAppTests */ = {
			isa = PBXGroup;
			children = (
				047767DD27BDF1620073B8B5 /* StockAppTests.swift */,
			);
			path = StockAppTests;
			sourceTree = "<group>";
		};
		0487C4EA2788DAAF003B0464 /* Search */ = {
			isa = PBXGroup;
			children = (
				0487C4EB2788DAD4003B0464 /* SearchResultTableViewCell.swift */,
			);
			path = Search;
			sourceTree = "<group>";
		};
		04C5E1BF2786BE0E00782582 = {
			isa = PBXGroup;
			children = (
				04C5E1CA2786BE0E00782582 /* StockApp */,
				047767DC27BDF1620073B8B5 /* StockAppTests */,
				04C5E1C92786BE0E00782582 /* Products */,
				3679B922F0E9FC35A7A415B7 /* Pods */,
				FBF5786EFF48693E5B2BB440 /* Frameworks */,
			);
			sourceTree = "<group>";
		};
		04C5E1C92786BE0E00782582 /* Products */ = {
			isa = PBXGroup;
			children = (
				04C5E1C82786BE0E00782582 /* StockApp.app */,
				047767DB27BDF1620073B8B5 /* StockAppTests.xctest */,
			);
			name = Products;
			sourceTree = "<group>";
		};
		04C5E1CA2786BE0E00782582 /* StockApp */ = {
			isa = PBXGroup;
			children = (
				045A88EB278830B300E976A4 /* Manager */,
				04C5E1E22786C20600782582 /* Other */,
				04C5E1E12786C1E000782582 /* Views */,
				04C5E1E02786C1D400782582 /* Controllers */,
				04C5E1DF2786C1C800782582 /* Models */,
				04C5E1D92786BE1100782582 /* Info.plist */,
			);
			path = StockApp;
			sourceTree = "<group>";
		};
		04C5E1DF2786C1C800782582 /* Models */ = {
			isa = PBXGroup;
			children = (
				0452A56F278A472200178ED2 /* SearchResponse.swift */,
				0483B466278E27DC0031A9F2 /* NewsModel.swift */,
				0459E387279FCE4600E4BF9F /* MarketDataResponse.swift */,
				040BF1A427B2F60A00907987 /* FinancialMetricsResponse.swift */,
			);
			path = Models;
			sourceTree = "<group>";
		};
		04C5E1E02786C1D400782582 /* Controllers */ = {
			isa = PBXGroup;
			children = (
				04C5E1CF2786BE0E00782582 /* WatchListViewController.swift */,
				04C5E1E32786C26900782582 /* TopStoriesNewsViewController.swift */,
				04C5E1E62786C28700782582 /* StockDetailsViewController.swift */,
				04C5E1E82786C2BD00782582 /* SearchResultsViewController.swift */,
				04C1AED8278C5F2500D46E74 /* NewsViewController.swift */,
			);
			path = Controllers;
			sourceTree = "<group>";
		};
		04C5E1E12786C1E000782582 /* Views */ = {
			isa = PBXGroup;
			children = (
				040BF1A827B32A0C00907987 /* StockDetail */,
				0459E389279FEA2700E4BF9F /* Watchlist */,
				04CCA1EC278EA8D900F03D32 /* News */,
				0487C4EA2788DAAF003B0464 /* Search */,
				04C5E1D62786BE1100782582 /* LaunchScreen.storyboard */,
			);
			path = Views;
			sourceTree = "<group>";
		};
		04C5E1E22786C20600782582 /* Other */ = {
			isa = PBXGroup;
			children = (
				04C5E1CB2786BE0E00782582 /* AppDelegate.swift */,
				04C5E1CD2786BE0E00782582 /* SceneDelegate.swift */,
				04C5E1D42786BE1100782582 /* Assets.xcassets */,
				0487C4E82788D866003B0464 /* Extensions.swift */,
			);
			path = Other;
			sourceTree = "<group>";
		};
		04CCA1EC278EA8D900F03D32 /* News */ = {
			isa = PBXGroup;
			children = (
				04C1AEDA278C68B900D46E74 /* NewsHeaderView.swift */,
				04CCA1ED278EA90800F03D32 /* NewsStoryTableViewCell.swift */,
			);
			path = News;
			sourceTree = "<group>";
		};
		3679B922F0E9FC35A7A415B7 /* Pods */ = {
			isa = PBXGroup;
			children = (
				AC65B16C46033D3A5FC9A639 /* Pods-StockApp.debug.xcconfig */,
				2C5318BE433E3A4F893A0CCE /* Pods-StockApp.release.xcconfig */,
			);
			path = Pods;
			sourceTree = "<group>";
		};
		FBF5786EFF48693E5B2BB440 /* Frameworks */ = {
			isa = PBXGroup;
			children = (
				E0AEE05243B22C519B569DB8 /* Pods_StockApp.framework */,
			);
			name = Frameworks;
			sourceTree = "<group>";
		};
/* End PBXGroup section */

/* Begin PBXNativeTarget section */
		047767DA27BDF1620073B8B5 /* StockAppTests */ = {
			isa = PBXNativeTarget;
			buildConfigurationList = 047767E327BDF1620073B8B5 /* Build configuration list for PBXNativeTarget "StockAppTests" */;
			buildPhases = (
				047767D727BDF1620073B8B5 /* Sources */,
				047767D827BDF1620073B8B5 /* Frameworks */,
				047767D927BDF1620073B8B5 /* Resources */,
			);
			buildRules = (
			);
			dependencies = (
				047767E027BDF1620073B8B5 /* PBXTargetDependency */,
			);
			name = StockAppTests;
			productName = StockAppTests;
			productReference = 047767DB27BDF1620073B8B5 /* StockAppTests.xctest */;
			productType = "com.apple.product-type.bundle.unit-test";
		};
		04C5E1C72786BE0E00782582 /* StockApp */ = {
			isa = PBXNativeTarget;
			buildConfigurationList = 04C5E1DC2786BE1100782582 /* Build configuration list for PBXNativeTarget "StockApp" */;
			buildPhases = (
				FB10FEE9669BC4F4465A1B7A /* [CP] Check Pods Manifest.lock */,
				04C5E1C42786BE0E00782582 /* Sources */,
				04C5E1C52786BE0E00782582 /* Frameworks */,
				04C5E1C62786BE0E00782582 /* Resources */,
				04EE6551F07CB1D95C0DBAF3 /* [CP] Embed Pods Frameworks */,
			);
			buildRules = (
			);
			dependencies = (
			);
			name = StockApp;
			productName = StockApp;
			productReference = 04C5E1C82786BE0E00782582 /* StockApp.app */;
			productType = "com.apple.product-type.application";
		};
/* End PBXNativeTarget section */

/* Begin PBXProject section */
		04C5E1C02786BE0E00782582 /* Project object */ = {
			isa = PBXProject;
			attributes = {
				BuildIndependentTargetsInParallel = 1;
				LastSwiftUpdateCheck = 1310;
				LastUpgradeCheck = 1310;
				TargetAttributes = {
					047767DA27BDF1620073B8B5 = {
						CreatedOnToolsVersion = 13.1;
						TestTargetID = 04C5E1C72786BE0E00782582;
					};
					04C5E1C72786BE0E00782582 = {
						CreatedOnToolsVersion = 13.1;
					};
				};
			};
			buildConfigurationList = 04C5E1C32786BE0E00782582 /* Build configuration list for PBXProject "StockApp" */;
			compatibilityVersion = "Xcode 13.0";
			developmentRegion = en;
			hasScannedForEncodings = 0;
			knownRegions = (
				en,
				Base,
			);
			mainGroup = 04C5E1BF2786BE0E00782582;
			productRefGroup = 04C5E1C92786BE0E00782582 /* Products */;
			projectDirPath = "";
			projectRoot = "";
			targets = (
				04C5E1C72786BE0E00782582 /* StockApp */,
				047767DA27BDF1620073B8B5 /* StockAppTests */,
			);
		};
/* End PBXProject section */

/* Begin PBXResourcesBuildPhase section */
		047767D927BDF1620073B8B5 /* Resources */ = {
			isa = PBXResourcesBuildPhase;
			buildActionMask = 2147483647;
			files = (
			);
			runOnlyForDeploymentPostprocessing = 0;
		};
		04C5E1C62786BE0E00782582 /* Resources */ = {
			isa = PBXResourcesBuildPhase;
			buildActionMask = 2147483647;
			files = (
				04C5E1D82786BE1100782582 /* LaunchScreen.storyboard in Resources */,
				04C5E1D52786BE1100782582 /* Assets.xcassets in Resources */,
			);
			runOnlyForDeploymentPostprocessing = 0;
		};
/* End PBXResourcesBuildPhase section */

/* Begin PBXShellScriptBuildPhase section */
		04EE6551F07CB1D95C0DBAF3 /* [CP] Embed Pods Frameworks */ = {
			isa = PBXShellScriptBuildPhase;
			buildActionMask = 2147483647;
			files = (
			);
			inputFileListPaths = (
				"${PODS_ROOT}/Target Support Files/Pods-StockApp/Pods-StockApp-frameworks-${CONFIGURATION}-input-files.xcfilelist",
			);
			name = "[CP] Embed Pods Frameworks";
			outputFileListPaths = (
				"${PODS_ROOT}/Target Support Files/Pods-StockApp/Pods-StockApp-frameworks-${CONFIGURATION}-output-files.xcfilelist",
			);
			runOnlyForDeploymentPostprocessing = 0;
			shellPath = /bin/sh;
			shellScript = "\"${PODS_ROOT}/Target Support Files/Pods-StockApp/Pods-StockApp-frameworks.sh\"\n";
			showEnvVarsInLog = 0;
		};
		FB10FEE9669BC4F4465A1B7A /* [CP] Check Pods Manifest.lock */ = {
			isa = PBXShellScriptBuildPhase;
			buildActionMask = 2147483647;
			files = (
			);
			inputFileListPaths = (
			);
			inputPaths = (
				"${PODS_PODFILE_DIR_PATH}/Podfile.lock",
				"${PODS_ROOT}/Manifest.lock",
			);
			name = "[CP] Check Pods Manifest.lock";
			outputFileListPaths = (
			);
			outputPaths = (
				"$(DERIVED_FILE_DIR)/Pods-StockApp-checkManifestLockResult.txt",
			);
			runOnlyForDeploymentPostprocessing = 0;
			shellPath = /bin/sh;
			shellScript = "diff \"${PODS_PODFILE_DIR_PATH}/Podfile.lock\" \"${PODS_ROOT}/Manifest.lock\" > /dev/null\nif [ $? != 0 ] ; then\n    # print error to STDERR\n    echo \"error: The sandbox is not in sync with the Podfile.lock. Run 'pod install' or update your CocoaPods installation.\" >&2\n    exit 1\nfi\n# This output is used by Xcode 'outputs' to avoid re-running this script phase.\necho \"SUCCESS\" > \"${SCRIPT_OUTPUT_FILE_0}\"\n";
			showEnvVarsInLog = 0;
		};
/* End PBXShellScriptBuildPhase section */

/* Begin PBXSourcesBuildPhase section */
		047767D727BDF1620073B8B5 /* Sources */ = {
			isa = PBXSourcesBuildPhase;
			buildActionMask = 2147483647;
			files = (
				047767DE27BDF1620073B8B5 /* StockAppTests.swift in Sources */,
			);
			runOnlyForDeploymentPostprocessing = 0;
		};
		04C5E1C42786BE0E00782582 /* Sources */ = {
			isa = PBXSourcesBuildPhase;
			buildActionMask = 2147483647;
			files = (
				045A88F12788313300E976A4 /* HapticsManager.swift in Sources */,
				0459E38B279FEA4C00E4BF9F /* WatchlistTableViewCell.swift in Sources */,
				0487C4EC2788DAD4003B0464 /* SearchResultTableViewCell.swift in Sources */,
				04CCA1EE278EA90800F03D32 /* NewsStoryTableViewCell.swift in Sources */,
				045A88ED2788310500E976A4 /* APICallsManager.swift in Sources */,
				04C5E1D02786BE0E00782582 /* WatchListViewController.swift in Sources */,
				04C5E1E92786C2BD00782582 /* SearchResultsViewController.swift in Sources */,
				045A88EF2788311E00E976A4 /* PersistenceManager.swift in Sources */,
				04C1AEDB278C68B900D46E74 /* NewsHeaderView.swift in Sources */,
				040BF1A727B316C800907987 /* StockDetailHeaderView.swift in Sources */,
				040BF1AA27B32A3A00907987 /* MetricCollectionViewCell.swift in Sources */,
				0459E38D279FEC7600E4BF9F /* StockChartView.swift in Sources */,
				04C1AED9278C5F2500D46E74 /* NewsViewController.swift in Sources */,
				0487C4E92788D866003B0464 /* Extensions.swift in Sources */,
				040BF1A527B2F60A00907987 /* FinancialMetricsResponse.swift in Sources */,
				0483B467278E27DC0031A9F2 /* NewsModel.swift in Sources */,
				04C5E1E42786C26900782582 /* TopStoriesNewsViewController.swift in Sources */,
				0452A570278A472200178ED2 /* SearchResponse.swift in Sources */,
				04C5E1CC2786BE0E00782582 /* AppDelegate.swift in Sources */,
				04C5E1E72786C28700782582 /* StockDetailsViewController.swift in Sources */,
				0459E388279FCE4600E4BF9F /* MarketDataResponse.swift in Sources */,
				04C5E1CE2786BE0E00782582 /* SceneDelegate.swift in Sources */,
			);
			runOnlyForDeploymentPostprocessing = 0;
		};
/* End PBXSourcesBuildPhase section */

/* Begin PBXTargetDependency section */
		047767E027BDF1620073B8B5 /* PBXTargetDependency */ = {
			isa = PBXTargetDependency;
			target = 04C5E1C72786BE0E00782582 /* StockApp */;
			targetProxy = 047767DF27BDF1620073B8B5 /* PBXContainerItemProxy */;
		};
/* End PBXTargetDependency section */

/* Begin PBXVariantGroup section */
		04C5E1D62786BE1100782582 /* LaunchScreen.storyboard */ = {
			isa = PBXVariantGroup;
			children = (
				04C5E1D72786BE1100782582 /* Base */,
			);
			name = LaunchScreen.storyboard;
			sourceTree = "<group>";
		};
/* End PBXVariantGroup section */

/* Begin XCBuildConfiguration section */
		047767E127BDF1620073B8B5 /* Debug */ = {
			isa = XCBuildConfiguration;
			buildSettings = {
				BUNDLE_LOADER = "$(TEST_HOST)";
				CODE_SIGN_STYLE = Automatic;
				CURRENT_PROJECT_VERSION = 1;
				DEVELOPMENT_TEAM = NZGWK8HF2W;
				GENERATE_INFOPLIST_FILE = YES;
				IPHONEOS_DEPLOYMENT_TARGET = 15.0;
				LD_RUNPATH_SEARCH_PATHS = (
					"$(inherited)",
					"@executable_path/Frameworks",
					"@loader_path/Frameworks",
				);
				MARKETING_VERSION = 1.0;
				PRODUCT_BUNDLE_IDENTIFIER = com.virtue.StockAppTests;
				PRODUCT_NAME = "$(TARGET_NAME)";
				SWIFT_EMIT_LOC_STRINGS = NO;
				SWIFT_VERSION = 5.0;
				TARGETED_DEVICE_FAMILY = "1,2";
				TEST_HOST = "$(BUILT_PRODUCTS_DIR)/StockApp.app/StockApp";
			};
			name = Debug;
		};
		047767E227BDF1620073B8B5 /* Release */ = {
			isa = XCBuildConfiguration;
			buildSettings = {
				BUNDLE_LOADER = "$(TEST_HOST)";
				CODE_SIGN_STYLE = Automatic;
				CURRENT_PROJECT_VERSION = 1;
				DEVELOPMENT_TEAM = NZGWK8HF2W;
				GENERATE_INFOPLIST_FILE = YES;
				IPHONEOS_DEPLOYMENT_TARGET = 15.0;
				LD_RUNPATH_SEARCH_PATHS = (
					"$(inherited)",
					"@executable_path/Frameworks",
					"@loader_path/Frameworks",
				);
				MARKETING_VERSION = 1.0;
				PRODUCT_BUNDLE_IDENTIFIER = com.virtue.StockAppTests;
				PRODUCT_NAME = "$(TARGET_NAME)";
				SWIFT_EMIT_LOC_STRINGS = NO;
				SWIFT_VERSION = 5.0;
				TARGETED_DEVICE_FAMILY = "1,2";
				TEST_HOST = "$(BUILT_PRODUCTS_DIR)/StockApp.app/StockApp";
			};
			name = Release;
		};
		04C5E1DA2786BE1100782582 /* Debug */ = {
			isa = XCBuildConfiguration;
			buildSettings = {
				ALWAYS_SEARCH_USER_PATHS = NO;
				CLANG_ANALYZER_NONNULL = YES;
				CLANG_ANALYZER_NUMBER_OBJECT_CONVERSION = YES_AGGRESSIVE;
				CLANG_CXX_LANGUAGE_STANDARD = "gnu++17";
				CLANG_CXX_LIBRARY = "libc++";
				CLANG_ENABLE_MODULES = YES;
				CLANG_ENABLE_OBJC_ARC = YES;
				CLANG_ENABLE_OBJC_WEAK = YES;
				CLANG_WARN_BLOCK_CAPTURE_AUTORELEASING = YES;
				CLANG_WARN_BOOL_CONVERSION = YES;
				CLANG_WARN_COMMA = YES;
				CLANG_WARN_CONSTANT_CONVERSION = YES;
				CLANG_WARN_DEPRECATED_OBJC_IMPLEMENTATIONS = YES;
				CLANG_WARN_DIRECT_OBJC_ISA_USAGE = YES_ERROR;
				CLANG_WARN_DOCUMENTATION_COMMENTS = YES;
				CLANG_WARN_EMPTY_BODY = YES;
				CLANG_WARN_ENUM_CONVERSION = YES;
				CLANG_WARN_INFINITE_RECURSION = YES;
				CLANG_WARN_INT_CONVERSION = YES;
				CLANG_WARN_NON_LITERAL_NULL_CONVERSION = YES;
				CLANG_WARN_OBJC_IMPLICIT_RETAIN_SELF = YES;
				CLANG_WARN_OBJC_LITERAL_CONVERSION = YES;
				CLANG_WARN_OBJC_ROOT_CLASS = YES_ERROR;
				CLANG_WARN_QUOTED_INCLUDE_IN_FRAMEWORK_HEADER = YES;
				CLANG_WARN_RANGE_LOOP_ANALYSIS = YES;
				CLANG_WARN_STRICT_PROTOTYPES = YES;
				CLANG_WARN_SUSPICIOUS_MOVE = YES;
				CLANG_WARN_UNGUARDED_AVAILABILITY = YES_AGGRESSIVE;
				CLANG_WARN_UNREACHABLE_CODE = YES;
				CLANG_WARN__DUPLICATE_METHOD_MATCH = YES;
				COPY_PHASE_STRIP = NO;
				DEBUG_INFORMATION_FORMAT = dwarf;
				ENABLE_STRICT_OBJC_MSGSEND = YES;
				ENABLE_TESTABILITY = YES;
				GCC_C_LANGUAGE_STANDARD = gnu11;
				GCC_DYNAMIC_NO_PIC = NO;
				GCC_NO_COMMON_BLOCKS = YES;
				GCC_OPTIMIZATION_LEVEL = 0;
				GCC_PREPROCESSOR_DEFINITIONS = (
					"DEBUG=1",
					"$(inherited)",
				);
				GCC_WARN_64_TO_32_BIT_CONVERSION = YES;
				GCC_WARN_ABOUT_RETURN_TYPE = YES_ERROR;
				GCC_WARN_UNDECLARED_SELECTOR = YES;
				GCC_WARN_UNINITIALIZED_AUTOS = YES_AGGRESSIVE;
				GCC_WARN_UNUSED_FUNCTION = YES;
				GCC_WARN_UNUSED_VARIABLE = YES;
				IPHONEOS_DEPLOYMENT_TARGET = 13.0;
				MTL_ENABLE_DEBUG_INFO = INCLUDE_SOURCE;
				MTL_FAST_MATH = YES;
				ONLY_ACTIVE_ARCH = YES;
				SDKROOT = iphoneos;
				SWIFT_ACTIVE_COMPILATION_CONDITIONS = DEBUG;
				SWIFT_OPTIMIZATION_LEVEL = "-Onone";
			};
			name = Debug;
		};
		04C5E1DB2786BE1100782582 /* Release */ = {
			isa = XCBuildConfiguration;
			buildSettings = {
				ALWAYS_SEARCH_USER_PATHS = NO;
				CLANG_ANALYZER_NONNULL = YES;
				CLANG_ANALYZER_NUMBER_OBJECT_CONVERSION = YES_AGGRESSIVE;
				CLANG_CXX_LANGUAGE_STANDARD = "gnu++17";
				CLANG_CXX_LIBRARY = "libc++";
				CLANG_ENABLE_MODULES = YES;
				CLANG_ENABLE_OBJC_ARC = YES;
				CLANG_ENABLE_OBJC_WEAK = YES;
				CLANG_WARN_BLOCK_CAPTURE_AUTORELEASING = YES;
				CLANG_WARN_BOOL_CONVERSION = YES;
				CLANG_WARN_COMMA = YES;
				CLANG_WARN_CONSTANT_CONVERSION = YES;
				CLANG_WARN_DEPRECATED_OBJC_IMPLEMENTATIONS = YES;
				CLANG_WARN_DIRECT_OBJC_ISA_USAGE = YES_ERROR;
				CLANG_WARN_DOCUMENTATION_COMMENTS = YES;
				CLANG_WARN_EMPTY_BODY = YES;
				CLANG_WARN_ENUM_CONVERSION = YES;
				CLANG_WARN_INFINITE_RECURSION = YES;
				CLANG_WARN_INT_CONVERSION = YES;
				CLANG_WARN_NON_LITERAL_NULL_CONVERSION = YES;
				CLANG_WARN_OBJC_IMPLICIT_RETAIN_SELF = YES;
				CLANG_WARN_OBJC_LITERAL_CONVERSION = YES;
				CLANG_WARN_OBJC_ROOT_CLASS = YES_ERROR;
				CLANG_WARN_QUOTED_INCLUDE_IN_FRAMEWORK_HEADER = YES;
				CLANG_WARN_RANGE_LOOP_ANALYSIS = YES;
				CLANG_WARN_STRICT_PROTOTYPES = YES;
				CLANG_WARN_SUSPICIOUS_MOVE = YES;
				CLANG_WARN_UNGUARDED_AVAILABILITY = YES_AGGRESSIVE;
				CLANG_WARN_UNREACHABLE_CODE = YES;
				CLANG_WARN__DUPLICATE_METHOD_MATCH = YES;
				COPY_PHASE_STRIP = NO;
				DEBUG_INFORMATION_FORMAT = "dwarf-with-dsym";
				ENABLE_NS_ASSERTIONS = NO;
				ENABLE_STRICT_OBJC_MSGSEND = YES;
				GCC_C_LANGUAGE_STANDARD = gnu11;
				GCC_NO_COMMON_BLOCKS = YES;
				GCC_WARN_64_TO_32_BIT_CONVERSION = YES;
				GCC_WARN_ABOUT_RETURN_TYPE = YES_ERROR;
				GCC_WARN_UNDECLARED_SELECTOR = YES;
				GCC_WARN_UNINITIALIZED_AUTOS = YES_AGGRESSIVE;
				GCC_WARN_UNUSED_FUNCTION = YES;
				GCC_WARN_UNUSED_VARIABLE = YES;
				IPHONEOS_DEPLOYMENT_TARGET = 13.0;
				MTL_ENABLE_DEBUG_INFO = NO;
				MTL_FAST_MATH = YES;
				SDKROOT = iphoneos;
				SWIFT_COMPILATION_MODE = wholemodule;
				SWIFT_OPTIMIZATION_LEVEL = "-O";
				VALIDATE_PRODUCT = YES;
			};
			name = Release;
		};
		04C5E1DD2786BE1100782582 /* Debug */ = {
			isa = XCBuildConfiguration;
			baseConfigurationReference = AC65B16C46033D3A5FC9A639 /* Pods-StockApp.debug.xcconfig */;
			buildSettings = {
				ASSETCATALOG_COMPILER_APPICON_NAME = AppIcon;
				ASSETCATALOG_COMPILER_GLOBAL_ACCENT_COLOR_NAME = AccentColor;
				CODE_SIGN_STYLE = Automatic;
				CURRENT_PROJECT_VERSION = 1;
				DEVELOPMENT_TEAM = NZGWK8HF2W;
				GENERATE_INFOPLIST_FILE = YES;
				INFOPLIST_FILE = StockApp/Info.plist;
				INFOPLIST_KEY_UIApplicationSupportsIndirectInputEvents = YES;
				INFOPLIST_KEY_UILaunchStoryboardName = LaunchScreen;
				INFOPLIST_KEY_UISupportedInterfaceOrientations = UIInterfaceOrientationPortrait;
				INFOPLIST_KEY_UISupportedInterfaceOrientations_iPad = "UIInterfaceOrientationPortrait UIInterfaceOrientationPortraitUpsideDown UIInterfaceOrientationLandscapeLeft UIInterfaceOrientationLandscapeRight";
				INFOPLIST_KEY_UISupportedInterfaceOrientations_iPhone = "UIInterfaceOrientationPortrait UIInterfaceOrientationLandscapeLeft UIInterfaceOrientationLandscapeRight";
				IPHONEOS_DEPLOYMENT_TARGET = 13.0;
				LD_RUNPATH_SEARCH_PATHS = (
					"$(inherited)",
					"@executable_path/Frameworks",
				);
				MARKETING_VERSION = 1.0;
				PRODUCT_BUNDLE_IDENTIFIER = com.virtue.StockApp;
				PRODUCT_NAME = "$(TARGET_NAME)";
				SWIFT_EMIT_LOC_STRINGS = YES;
				SWIFT_VERSION = 5.0;
				TARGETED_DEVICE_FAMILY = 1;
			};
			name = Debug;
		};
		04C5E1DE2786BE1100782582 /* Release */ = {
			isa = XCBuildConfiguration;
			baseConfigurationReference = 2C5318BE433E3A4F893A0CCE /* Pods-StockApp.release.xcconfig */;
			buildSettings = {
				ASSETCATALOG_COMPILER_APPICON_NAME = AppIcon;
				ASSETCATALOG_COMPILER_GLOBAL_ACCENT_COLOR_NAME = AccentColor;
				CODE_SIGN_STYLE = Automatic;
				CURRENT_PROJECT_VERSION = 1;
				DEVELOPMENT_TEAM = NZGWK8HF2W;
				GENERATE_INFOPLIST_FILE = YES;
				INFOPLIST_FILE = StockApp/Info.plist;
				INFOPLIST_KEY_UIApplicationSupportsIndirectInputEvents = YES;
				INFOPLIST_KEY_UILaunchStoryboardName = LaunchScreen;
				INFOPLIST_KEY_UISupportedInterfaceOrientations = UIInterfaceOrientationPortrait;
				INFOPLIST_KEY_UISupportedInterfaceOrientations_iPad = "UIInterfaceOrientationPortrait UIInterfaceOrientationPortraitUpsideDown UIInterfaceOrientationLandscapeLeft UIInterfaceOrientationLandscapeRight";
				INFOPLIST_KEY_UISupportedInterfaceOrientations_iPhone = "UIInterfaceOrientationPortrait UIInterfaceOrientationLandscapeLeft UIInterfaceOrientationLandscapeRight";
				IPHONEOS_DEPLOYMENT_TARGET = 13.0;
				LD_RUNPATH_SEARCH_PATHS = (
					"$(inherited)",
					"@executable_path/Frameworks",
				);
				MARKETING_VERSION = 1.0;
				PRODUCT_BUNDLE_IDENTIFIER = com.virtue.StockApp;
				PRODUCT_NAME = "$(TARGET_NAME)";
				SWIFT_EMIT_LOC_STRINGS = YES;
				SWIFT_VERSION = 5.0;
				TARGETED_DEVICE_FAMILY = 1;
			};
			name = Release;
		};
/* End XCBuildConfiguration section */

/* Begin XCConfigurationList section */
		047767E327BDF1620073B8B5 /* Build configuration list for PBXNativeTarget "StockAppTests" */ = {
			isa = XCConfigurationList;
			buildConfigurations = (
				047767E127BDF1620073B8B5 /* Debug */,
				047767E227BDF1620073B8B5 /* Release */,
			);
			defaultConfigurationIsVisible = 0;
			defaultConfigurationName = Release;
		};
		04C5E1C32786BE0E00782582 /* Build configuration list for PBXProject "StockApp" */ = {
			isa = XCConfigurationList;
			buildConfigurations = (
				04C5E1DA2786BE1100782582 /* Debug */,
				04C5E1DB2786BE1100782582 /* Release */,
			);
			defaultConfigurationIsVisible = 0;
			defaultConfigurationName = Release;
		};
		04C5E1DC2786BE1100782582 /* Build configuration list for PBXNativeTarget "StockApp" */ = {
			isa = XCConfigurationList;
			buildConfigurations = (
				04C5E1DD2786BE1100782582 /* Debug */,
				04C5E1DE2786BE1100782582 /* Release */,
			);
			defaultConfigurationIsVisible = 0;
			defaultConfigurationName = Release;
		};
/* End XCConfigurationList section */
	};
	rootObject = 04C5E1C02786BE0E00782582 /* Project object */;
}
